
Microsoft Visual Studio Solution File, Format Version 12.00
# Visual Studio Version 17
VisualStudioVersion = 17.1.32228.430
MinimumVisualStudioVersion = 10.0.40219.1
Project("{FAE04EC0-301F-11D3-BF4B-00C04F79EFBC}") = "GrafanaFunctionApp", "GrafanaFunctionApp\GrafanaFunctionApp.csproj", "{73AF1E9B-EDFD-4FEF-B923-8143C16DE885}"
EndProject
Global
	GlobalSection(SolutionConfigurationPlatforms) = preSolution
		Debug|Any CPU = Debug|Any CPU
		Release|Any CPU = Release|Any CPU
	EndGlobalSection
	GlobalSection(ProjectConfigurationPlatforms) = postSolution
		{E964E169-B09A-458B-90E3-E755CEFD37DB}.Debug|Any CPU.ActiveCfg = Debug|Any CPU
		{E964E169-B09A-458B-90E3-E755CEFD37DB}.Debug|Any CPU.Build.0 = Debug|Any CPU
		{E964E169-B09A-458B-90E3-E755CEFD37DB}.Release|Any CPU.ActiveCfg = Release|Any CPU
		{E964E169-B09A-458B-90E3-E755CEFD37DB}.Release|Any CPU.Build.0 = Release|Any CPU
		{73AF1E9B-EDFD-4FEF-B923-8143C16DE885}.Debug|Any CPU.ActiveCfg = Debug|Any CPU
		{73AF1E9B-EDFD-4FEF-B923-8143C16DE885}.Debug|Any CPU.Build.0 = Debug|Any CPU
		{73AF1E9B-EDFD-4FEF-B923-8143C16DE885}.Release|Any CPU.ActiveCfg = Release|Any CPU
		{73AF1E9B-EDFD-4FEF-B923-8143C16DE885}.Release|Any CPU.Build.0 = Release|Any CPU
	EndGlobalSection
	GlobalSection(SolutionProperties) = preSolution
		HideSolutionNode = FALSE
	EndGlobalSection
	GlobalSection(ExtensibilityGlobals) = postSolution
		SolutionGuid = {A6520A20-BEFC-46EC-8108-CC4ACEAFE260}
	EndGlobalSection
EndGlobal
